
Microsoft Visual Studio Solution File, Format Version 12.00
# Visual Studio Version 16
VisualStudioVersion = 16.0.30204.135
MinimumVisualStudioVersion = 10.0.40219.1
Project("{F184B08F-C81C-45F6-A57F-5ABD9991F28F}") = "ExamResults_VBasic", "ExamResults_VBasic.vbproj", "{D051551A-C2C1-4113-A629-E0EA8FB1C3E0}"
EndProject
Global
	GlobalSection(SolutionConfigurationPlatforms) = preSolution
		Debug|Any CPU = Debug|Any CPU
		Release|Any CPU = Release|Any CPU
	EndGlobalSection
	GlobalSection(ProjectConfigurationPlatforms) = postSolution
		{D051551A-C2C1-4113-A629-E0EA8FB1C3E0}.Debug|Any CPU.ActiveCfg = Debug|Any CPU
		{D051551A-C2C1-4113-A629-E0EA8FB1C3E0}.Debug|Any CPU.Build.0 = Debug|Any CPU
		{D051551A-C2C1-4113-A629-E0EA8FB1C3E0}.Release|Any CPU.ActiveCfg = Release|Any CPU
		{D051551A-C2C1-4113-A629-E0EA8FB1C3E0}.Release|Any CPU.Build.0 = Release|Any CPU
	EndGlobalSection
	GlobalSection(SolutionProperties) = preSolution
		HideSolutionNode = FALSE
	EndGlobalSection
	GlobalSection(ExtensibilityGlobals) = postSolution
		SolutionGuid = {5EB8FA44-EDEF-4712-96E8-3076B6456D71}
	EndGlobalSection
EndGlobal
